
Microsoft Visual Studio Solution File, Format Version 12.00
# Visual Studio Version 17
VisualStudioVersion = 17.7.34202.233
MinimumVisualStudioVersion = 10.0.40219.1
Project("{FAE04EC0-301F-11D3-BF4B-00C04F79EFBC}") = "Project65030018", "Project65030018.csproj", "{F800A10C-87AE-4D5B-A5C2-C83556AC19D6}"
EndProject
Project("{FAE04EC0-301F-11D3-BF4B-00C04F79EFBC}") = "TestProject1", "..\TestProject1\TestProject1.csproj", "{B137E690-182F-44BB-8291-C33AF67BC1B9}"
EndProject
Global
	GlobalSection(SolutionConfigurationPlatforms) = preSolution
		Debug|Any CPU = Debug|Any CPU
		Release|Any CPU = Release|Any CPU
	EndGlobalSection
	GlobalSection(ProjectConfigurationPlatforms) = postSolution
		{F800A10C-87AE-4D5B-A5C2-C83556AC19D6}.Debug|Any CPU.ActiveCfg = Debug|Any CPU
		{F800A10C-87AE-4D5B-A5C2-C83556AC19D6}.Debug|Any CPU.Build.0 = Debug|Any CPU
		{F800A10C-87AE-4D5B-A5C2-C83556AC19D6}.Release|Any CPU.ActiveCfg = Release|Any CPU
		{F800A10C-87AE-4D5B-A5C2-C83556AC19D6}.Release|Any CPU.Build.0 = Release|Any CPU
		{B137E690-182F-44BB-8291-C33AF67BC1B9}.Debug|Any CPU.ActiveCfg = Debug|Any CPU
		{B137E690-182F-44BB-8291-C33AF67BC1B9}.Debug|Any CPU.Build.0 = Debug|Any CPU
		{B137E690-182F-44BB-8291-C33AF67BC1B9}.Release|Any CPU.ActiveCfg = Release|Any CPU
		{B137E690-182F-44BB-8291-C33AF67BC1B9}.Release|Any CPU.Build.0 = Release|Any CPU
	EndGlobalSection
	GlobalSection(SolutionProperties) = preSolution
		HideSolutionNode = FALSE
	EndGlobalSection
	GlobalSection(ExtensibilityGlobals) = postSolution
		SolutionGuid = {F98307D4-5C8D-4CC5-B194-E7BA3627CF7F}
	EndGlobalSection
EndGlobal
